PODS:
  - Flutter (1.0.0)
  - flutter_amazonpaymentservices (0.0.1):
    - Flutter
    - PayFortSDK
  - path_provider_foundation (0.0.1):
    - Flutter
    - FlutterMacOS
  - PayFortSDK (3.1.0)

DEPENDENCIES:
  - Flutter (from `Flutter`)
  - flutter_amazonpaymentservices (from `.symlinks/plugins/flutter_amazonpaymentservices/ios`)
  - path_provider_foundation (from `.symlinks/plugins/path_provider_foundation/darwin`)

SPEC REPOS:
  trunk:
    - PayFortSDK

EXTERNAL SOURCES:
  Flutter:
    :path: Flutter
  flutter_amazonpaymentservices:
    :path: ".symlinks/plugins/flutter_amazonpaymentservices/ios"
  path_provider_foundation:
    :path: ".symlinks/plugins/path_provider_foundation/darwin"

SPEC CHECKSUMS:
  Flutter: e0871f40cf51350855a761d2e70bf5af5b9b5de7
  flutter_amazonpaymentservices: 30d57c19319b81de776345023e4f0697c7d94866
  path_provider_foundation: 080d55be775b7414fd5a5ef3ac137b97b097e564
  PayFortSDK: a33a8488859d7666b3709f347ebb990697e1d110

PODFILE CHECKSUM: 6d989b2a230232bcc0a5158aa4c0c4ecbc6046b6

COCOAPODS: 1.16.2
